// !$*UTF8*$!
{
	archiveVersion = 1;
	classes = {
	};
	objectVersion = 51;
	objects = {

/* Begin PBXBuildFile section */
		68414EA122F7895700267559 /* Configuration.swift in Sources */ = {isa = PBXBuildFile; fileRef = 68414EA022F7895700267559 /* Configuration.swift */; };
		68414EA322F78A3E00267559 /* DataManager.swift in Sources */ = {isa = PBXBuildFile; fileRef = 68414EA222F78A3E00267559 /* DataManager.swift */; };
		68414EA822F7930B00267559 /* WeatherDataModel.swift in Sources */ = {isa = PBXBuildFile; fileRef = 68414EA722F7930B00267559 /* WeatherDataModel.swift */; };
		68414EAA22F7938E00267559 /* JSONDecodable.swift in Sources */ = {isa = PBXBuildFile; fileRef = 68414EA922F7938E00267559 /* JSONDecodable.swift */; };
		68B777C122FB27940079DBCA /* ManageCitiesViewController.swift in Sources */ = {isa = PBXBuildFile; fileRef = 68B777C022FB27940079DBCA /* ManageCitiesViewController.swift */; };
		68B777C322FB61800079DBCA /* AddCitiesViewController.swift in Sources */ = {isa = PBXBuildFile; fileRef = 68B777C222FB61800079DBCA /* AddCitiesViewController.swift */; };
		68F9CFAD22F0EC7700E395C7 /* AppDelegate.swift in Sources */ = {isa = PBXBuildFile; fileRef = 68F9CFAC22F0EC7700E395C7 /* AppDelegate.swift */; };
		68F9CFB222F0EC7700E395C7 /* Main.storyboard in Resources */ = {isa = PBXBuildFile; fileRef = 68F9CFB022F0EC7700E395C7 /* Main.storyboard */; };
		68F9CFB422F0EC7900E395C7 /* Assets.xcassets in Resources */ = {isa = PBXBuildFile; fileRef = 68F9CFB322F0EC7900E395C7 /* Assets.xcassets */; };
		68F9CFB722F0EC7900E395C7 /* LaunchScreen.storyboard in Resources */ = {isa = PBXBuildFile; fileRef = 68F9CFB522F0EC7900E395C7 /* LaunchScreen.storyboard */; };
		68F9CFC222F0EC7900E395C7 /* mmakosCoolsAppTests.swift in Sources */ = {isa = PBXBuildFile; fileRef = 68F9CFC122F0EC7900E395C7 /* mmakosCoolsAppTests.swift */; };
		68F9CFCD22F0EC7900E395C7 /* mmakosCoolsAppUITests.swift in Sources */ = {isa = PBXBuildFile; fileRef = 68F9CFCC22F0EC7900E395C7 /* mmakosCoolsAppUITests.swift */; };
		68F9CFDB22F0ED8A00E395C7 /* MasterViewController.swift in Sources */ = {isa = PBXBuildFile; fileRef = 68F9CFDA22F0ED8A00E395C7 /* MasterViewController.swift */; };
		68F9CFDD22F0F28100E395C7 /* FutureWeatherViewController.swift in Sources */ = {isa = PBXBuildFile; fileRef = 68F9CFDC22F0F28100E395C7 /* FutureWeatherViewController.swift */; };
		7885E9360B7383365436EB8D /* Pods_mmakosCoolsAppUITests.framework in Frameworks */ = {isa = PBXBuildFile; fileRef = 65823F9D94D1E348B4259B15 /* Pods_mmakosCoolsAppUITests.framework */; };
		7FE285D1EC3DBF3CF30F49C0 /* Pods_mmakosCoolsAppTests.framework in Frameworks */ = {isa = PBXBuildFile; fileRef = 967C9FFD8DEB06FBA5A3FD31 /* Pods_mmakosCoolsAppTests.framework */; };
		8AE491E2B30C3797DDBDC0B2 /* Pods_mmakosCoolsApp.framework in Frameworks */ = {isa = PBXBuildFile; fileRef = AB293A993AE0A08504E7FA2C /* Pods_mmakosCoolsApp.framework */; };
/* End PBXBuildFile section */

/* Begin PBXContainerItemProxy section */
		68F9CFBE22F0EC7900E395C7 /* PBXContainerItemProxy */ = {
			isa = PBXContainerItemProxy;
			containerPortal = 68F9CFA122F0EC7700E395C7 /* Project object */;
			proxyType = 1;
			remoteGlobalIDString = 68F9CFA822F0EC7700E395C7;
			remoteInfo = mmakosCoolsApp;
		};
		68F9CFC922F0EC7900E395C7 /* PBXContainerItemProxy */ = {
			isa = PBXContainerItemProxy;
			containerPortal = 68F9CFA122F0EC7700E395C7 /* Project object */;
			proxyType = 1;
			remoteGlobalIDString = 68F9CFA822F0EC7700E395C7;
			remoteInfo = mmakosCoolsApp;
		};
/* End PBXContainerItemProxy section */

/* Begin PBXFileReference section */
		19BD4592DB42977B85389FBF /* Pods-mmakosCoolsAppUITests.debug.xcconfig */ = {isa = PBXFileReference; includeInIndex = 1; lastKnownFileType = text.xcconfig; name = "Pods-mmakosCoolsAppUITests.debug.xcconfig"; path = "Target Support Files/Pods-mmakosCoolsAppUITests/Pods-mmakosCoolsAppUITests.debug.xcconfig"; sourceTree = "<group>"; };
		19CBBCC42BBB662182C5744D /* Pods-mmakosCoolsAppTests.debug.xcconfig */ = {isa = PBXFileReference; includeInIndex = 1; lastKnownFileType = text.xcconfig; name = "Pods-mmakosCoolsAppTests.debug.xcconfig"; path = "Target Support Files/Pods-mmakosCoolsAppTests/Pods-mmakosCoolsAppTests.debug.xcconfig"; sourceTree = "<group>"; };
		65823F9D94D1E348B4259B15 /* Pods_mmakosCoolsAppUITests.framework */ = {isa = PBXFileReference; explicitFileType = wrapper.framework; includeInIndex = 0; path = Pods_mmakosCoolsAppUITests.framework; sourceTree = BUILT_PRODUCTS_DIR; };
		68414EA022F7895700267559 /* Configuration.swift */ = {isa = PBXFileReference; lastKnownFileType = sourcecode.swift; path = Configuration.swift; sourceTree = "<group>"; };
		68414EA222F78A3E00267559 /* DataManager.swift */ = {isa = PBXFileReference; lastKnownFileType = sourcecode.swift; path = DataManager.swift; sourceTree = "<group>"; };
		68414EA722F7930B00267559 /* WeatherDataModel.swift */ = {isa = PBXFileReference; lastKnownFileType = sourcecode.swift; path = WeatherDataModel.swift; sourceTree = "<group>"; };
		68414EA922F7938E00267559 /* JSONDecodable.swift */ = {isa = PBXFileReference; lastKnownFileType = sourcecode.swift; path = JSONDecodable.swift; sourceTree = "<group>"; };
		68B777C022FB27940079DBCA /* ManageCitiesViewController.swift */ = {isa = PBXFileReference; lastKnownFileType = sourcecode.swift; path = ManageCitiesViewController.swift; sourceTree = "<group>"; };
		68B777C222FB61800079DBCA /* AddCitiesViewController.swift */ = {isa = PBXFileReference; lastKnownFileType = sourcecode.swift; path = AddCitiesViewController.swift; sourceTree = "<group>"; };
		68F9CFA922F0EC7700E395C7 /* mmakosCoolsApp.app */ = {isa = PBXFileReference; explicitFileType = wrapper.application; includeInIndex = 0; path = mmakosCoolsApp.app; sourceTree = BUILT_PRODUCTS_DIR; };
		68F9CFAC22F0EC7700E395C7 /* AppDelegate.swift */ = {isa = PBXFileReference; lastKnownFileType = sourcecode.swift; path = AppDelegate.swift; sourceTree = "<group>"; };
		68F9CFB122F0EC7700E395C7 /* Base */ = {isa = PBXFileReference; lastKnownFileType = file.storyboard; name = Base; path = Base.lproj/Main.storyboard; sourceTree = "<group>"; };
		68F9CFB322F0EC7900E395C7 /* Assets.xcassets */ = {isa = PBXFileReference; lastKnownFileType = folder.assetcatalog; path = Assets.xcassets; sourceTree = "<group>"; };
		68F9CFB622F0EC7900E395C7 /* Base */ = {isa = PBXFileReference; lastKnownFileType = file.storyboard; name = Base; path = Base.lproj/LaunchScreen.storyboard; sourceTree = "<group>"; };
		68F9CFB822F0EC7900E395C7 /* Info.plist */ = {isa = PBXFileReference; lastKnownFileType = text.plist.xml; path = Info.plist; sourceTree = "<group>"; };
		68F9CFBD22F0EC7900E395C7 /* mmakosCoolsAppTests.xctest */ = {isa = PBXFileReference; explicitFileType = wrapper.cfbundle; includeInIndex = 0; path = mmakosCoolsAppTests.xctest; sourceTree = BUILT_PRODUCTS_DIR; };
		68F9CFC122F0EC7900E395C7 /* mmakosCoolsAppTests.swift */ = {isa = PBXFileReference; lastKnownFileType = sourcecode.swift; path = mmakosCoolsAppTests.swift; sourceTree = "<group>"; };
		68F9CFC322F0EC7900E395C7 /* Info.plist */ = {isa = PBXFileReference; lastKnownFileType = text.plist.xml; path = Info.plist; sourceTree = "<group>"; };
		68F9CFC822F0EC7900E395C7 /* mmakosCoolsAppUITests.xctest */ = {isa = PBXFileReference; explicitFileType = wrapper.cfbundle; includeInIndex = 0; path = mmakosCoolsAppUITests.xctest; sourceTree = BUILT_PRODUCTS_DIR; };
		68F9CFCC22F0EC7900E395C7 /* mmakosCoolsAppUITests.swift */ = {isa = PBXFileReference; lastKnownFileType = sourcecode.swift; path = mmakosCoolsAppUITests.swift; sourceTree = "<group>"; };
		68F9CFCE22F0EC7900E395C7 /* Info.plist */ = {isa = PBXFileReference; lastKnownFileType = text.plist.xml; path = Info.plist; sourceTree = "<group>"; };
		68F9CFDA22F0ED8A00E395C7 /* MasterViewController.swift */ = {isa = PBXFileReference; fileEncoding = 4; lastKnownFileType = sourcecode.swift; path = MasterViewController.swift; sourceTree = "<group>"; };
		68F9CFDC22F0F28100E395C7 /* FutureWeatherViewController.swift */ = {isa = PBXFileReference; lastKnownFileType = sourcecode.swift; path = FutureWeatherViewController.swift; sourceTree = "<group>"; };
		7B8376A9A36F637EDF6753F2 /* Pods-mmakosCoolsAppTests.release.xcconfig */ = {isa = PBXFileReference; includeInIndex = 1; lastKnownFileType = text.xcconfig; name = "Pods-mmakosCoolsAppTests.release.xcconfig"; path = "Target Support Files/Pods-mmakosCoolsAppTests/Pods-mmakosCoolsAppTests.release.xcconfig"; sourceTree = "<group>"; };
		91996D5288A13990998B7794 /* Pods-mmakosCoolsAppUITests.release.xcconfig */ = {isa = PBXFileReference; includeInIndex = 1; lastKnownFileType = text.xcconfig; name = "Pods-mmakosCoolsAppUITests.release.xcconfig"; path = "Target Support Files/Pods-mmakosCoolsAppUITests/Pods-mmakosCoolsAppUITests.release.xcconfig"; sourceTree = "<group>"; };
		967C9FFD8DEB06FBA5A3FD31 /* Pods_mmakosCoolsAppTests.framework */ = {isa = PBXFileReference; explicitFileType = wrapper.framework; includeInIndex = 0; path = Pods_mmakosCoolsAppTests.framework; sourceTree = BUILT_PRODUCTS_DIR; };
		9C174A1FBB4FD2B6DC22AA7B /* Pods-mmakosCoolsApp.debug.xcconfig */ = {isa = PBXFileReference; includeInIndex = 1; lastKnownFileType = text.xcconfig; name = "Pods-mmakosCoolsApp.debug.xcconfig"; path = "Target Support Files/Pods-mmakosCoolsApp/Pods-mmakosCoolsApp.debug.xcconfig"; sourceTree = "<group>"; };
		AB293A993AE0A08504E7FA2C /* Pods_mmakosCoolsApp.framework */ = {isa = PBXFileReference; explicitFileType = wrapper.framework; includeInIndex = 0; path = Pods_mmakosCoolsApp.framework; sourceTree = BUILT_PRODUCTS_DIR; };
		C657E7510CB3FE160ACE5EE2 /* Pods-mmakosCoolsApp.release.xcconfig */ = {isa = PBXFileReference; includeInIndex = 1; lastKnownFileType = text.xcconfig; name = "Pods-mmakosCoolsApp.release.xcconfig"; path = "Target Support Files/Pods-mmakosCoolsApp/Pods-mmakosCoolsApp.release.xcconfig"; sourceTree = "<group>"; };
/* End PBXFileReference section */

/* Begin PBXFrameworksBuildPhase section */
		68F9CFA622F0EC7700E395C7 /* Frameworks */ = {
			isa = PBXFrameworksBuildPhase;
			buildActionMask = 2147483647;
			files = (
				8AE491E2B30C3797DDBDC0B2 /* Pods_mmakosCoolsApp.framework in Frameworks */,
			);
			runOnlyForDeploymentPostprocessing = 0;
		};
		68F9CFBA22F0EC7900E395C7 /* Frameworks */ = {
			isa = PBXFrameworksBuildPhase;
			buildActionMask = 2147483647;
			files = (
				7FE285D1EC3DBF3CF30F49C0 /* Pods_mmakosCoolsAppTests.framework in Frameworks */,
			);
			runOnlyForDeploymentPostprocessing = 0;
		};
		68F9CFC522F0EC7900E395C7 /* Frameworks */ = {
			isa = PBXFrameworksBuildPhase;
			buildActionMask = 2147483647;
			files = (
				7885E9360B7383365436EB8D /* Pods_mmakosCoolsAppUITests.framework in Frameworks */,
			);
			runOnlyForDeploymentPostprocessing = 0;
		};
/* End PBXFrameworksBuildPhase section */

/* Begin PBXGroup section */
		68414E9F22F7893600267559 /* ConfigManagement */ = {
			isa = PBXGroup;
			children = (
				68414EA022F7895700267559 /* Configuration.swift */,
				68414EA222F78A3E00267559 /* DataManager.swift */,
			);
			path = ConfigManagement;
			sourceTree = "<group>";
		};
		68414EA422F7927700267559 /* WeatherData */ = {
			isa = PBXGroup;
			children = (
				68414EA722F7930B00267559 /* WeatherDataModel.swift */,
				68414EA922F7938E00267559 /* JSONDecodable.swift */,
			);
			path = WeatherData;
			sourceTree = "<group>";
		};
		68B777BC22F87A690079DBCA /* ViewControllers */ = {
			isa = PBXGroup;
			children = (
				68F9CFDA22F0ED8A00E395C7 /* MasterViewController.swift */,
				68F9CFDC22F0F28100E395C7 /* FutureWeatherViewController.swift */,
				68B777C022FB27940079DBCA /* ManageCitiesViewController.swift */,
				68B777C222FB61800079DBCA /* AddCitiesViewController.swift */,
			);
			path = ViewControllers;
			sourceTree = "<group>";
		};
		68B777BF22F8ADE30079DBCA /* Delegates */ = {
			isa = PBXGroup;
			children = (
				68F9CFAC22F0EC7700E395C7 /* AppDelegate.swift */,
			);
			path = Delegates;
			sourceTree = "<group>";
		};
		68F9CFA022F0EC7700E395C7 = {
			isa = PBXGroup;
			children = (
				68F9CFAB22F0EC7700E395C7 /* mmakosCoolsApp */,
				68F9CFC022F0EC7900E395C7 /* mmakosCoolsAppTests */,
				68F9CFCB22F0EC7900E395C7 /* mmakosCoolsAppUITests */,
				68F9CFAA22F0EC7700E395C7 /* Products */,
				D72B802EA2527BD550F940D3 /* Pods */,
				8229359F2AEF711703EB91B6 /* Frameworks */,
			);
			sourceTree = "<group>";
		};
		68F9CFAA22F0EC7700E395C7 /* Products */ = {
			isa = PBXGroup;
			children = (
				68F9CFA922F0EC7700E395C7 /* mmakosCoolsApp.app */,
				68F9CFBD22F0EC7900E395C7 /* mmakosCoolsAppTests.xctest */,
				68F9CFC822F0EC7900E395C7 /* mmakosCoolsAppUITests.xctest */,
			);
			name = Products;
			sourceTree = "<group>";
		};
		68F9CFAB22F0EC7700E395C7 /* mmakosCoolsApp */ = {
			isa = PBXGroup;
			children = (
				68B777BF22F8ADE30079DBCA /* Delegates */,
				68B777BC22F87A690079DBCA /* ViewControllers */,
				68414EA422F7927700267559 /* WeatherData */,
				68414E9F22F7893600267559 /* ConfigManagement */,
				68F9CFB022F0EC7700E395C7 /* Main.storyboard */,
				68F9CFB322F0EC7900E395C7 /* Assets.xcassets */,
				68F9CFB522F0EC7900E395C7 /* LaunchScreen.storyboard */,
				68F9CFB822F0EC7900E395C7 /* Info.plist */,
			);
			path = mmakosCoolsApp;
			sourceTree = "<group>";
		};
		68F9CFC022F0EC7900E395C7 /* mmakosCoolsAppTests */ = {
			isa = PBXGroup;
			children = (
				68F9CFC122F0EC7900E395C7 /* mmakosCoolsAppTests.swift */,
				68F9CFC322F0EC7900E395C7 /* Info.plist */,
			);
			path = mmakosCoolsAppTests;
			sourceTree = "<group>";
		};
		68F9CFCB22F0EC7900E395C7 /* mmakosCoolsAppUITests */ = {
			isa = PBXGroup;
			children = (
				68F9CFCC22F0EC7900E395C7 /* mmakosCoolsAppUITests.swift */,
				68F9CFCE22F0EC7900E395C7 /* Info.plist */,
			);
			path = mmakosCoolsAppUITests;
			sourceTree = "<group>";
		};
		8229359F2AEF711703EB91B6 /* Frameworks */ = {
			isa = PBXGroup;
			children = (
				AB293A993AE0A08504E7FA2C /* Pods_mmakosCoolsApp.framework */,
				967C9FFD8DEB06FBA5A3FD31 /* Pods_mmakosCoolsAppTests.framework */,
				65823F9D94D1E348B4259B15 /* Pods_mmakosCoolsAppUITests.framework */,
			);
			name = Frameworks;
			sourceTree = "<group>";
		};
		D72B802EA2527BD550F940D3 /* Pods */ = {
			isa = PBXGroup;
			children = (
				9C174A1FBB4FD2B6DC22AA7B /* Pods-mmakosCoolsApp.debug.xcconfig */,
				C657E7510CB3FE160ACE5EE2 /* Pods-mmakosCoolsApp.release.xcconfig */,
				19CBBCC42BBB662182C5744D /* Pods-mmakosCoolsAppTests.debug.xcconfig */,
				7B8376A9A36F637EDF6753F2 /* Pods-mmakosCoolsAppTests.release.xcconfig */,
				19BD4592DB42977B85389FBF /* Pods-mmakosCoolsAppUITests.debug.xcconfig */,
				91996D5288A13990998B7794 /* Pods-mmakosCoolsAppUITests.release.xcconfig */,
			);
			path = Pods;
			sourceTree = "<group>";
		};
/* End PBXGroup section */

/* Begin PBXNativeTarget section */
		68F9CFA822F0EC7700E395C7 /* mmakosCoolsApp */ = {
			isa = PBXNativeTarget;
			buildConfigurationList = 68F9CFD122F0EC7900E395C7 /* Build configuration list for PBXNativeTarget "mmakosCoolsApp" */;
			buildPhases = (
				0B940AF26A28B4A2B08E140A /* [CP] Check Pods Manifest.lock */,
				68F9CFA522F0EC7700E395C7 /* Sources */,
				68F9CFA622F0EC7700E395C7 /* Frameworks */,
				68F9CFA722F0EC7700E395C7 /* Resources */,
				5597ED34CD43A0D458604E96 /* [CP] Embed Pods Frameworks */,
			);
			buildRules = (
			);
			dependencies = (
			);
			name = mmakosCoolsApp;
			productName = mmakosCoolsApp;
			productReference = 68F9CFA922F0EC7700E395C7 /* mmakosCoolsApp.app */;
			productType = "com.apple.product-type.application";
		};
		68F9CFBC22F0EC7900E395C7 /* mmakosCoolsAppTests */ = {
			isa = PBXNativeTarget;
			buildConfigurationList = 68F9CFD422F0EC7900E395C7 /* Build configuration list for PBXNativeTarget "mmakosCoolsAppTests" */;
			buildPhases = (
				95B744F1E3AFB11F114DEEF4 /* [CP] Check Pods Manifest.lock */,
				68F9CFB922F0EC7900E395C7 /* Sources */,
				68F9CFBA22F0EC7900E395C7 /* Frameworks */,
				68F9CFBB22F0EC7900E395C7 /* Resources */,
			);
			buildRules = (
			);
			dependencies = (
				68F9CFBF22F0EC7900E395C7 /* PBXTargetDependency */,
			);
			name = mmakosCoolsAppTests;
			productName = mmakosCoolsAppTests;
			productReference = 68F9CFBD22F0EC7900E395C7 /* mmakosCoolsAppTests.xctest */;
			productType = "com.apple.product-type.bundle.unit-test";
		};
		68F9CFC722F0EC7900E395C7 /* mmakosCoolsAppUITests */ = {
			isa = PBXNativeTarget;
			buildConfigurationList = 68F9CFD722F0EC7900E395C7 /* Build configuration list for PBXNativeTarget "mmakosCoolsAppUITests" */;
			buildPhases = (
				B33C90895B4A25D3BDD0C3B6 /* [CP] Check Pods Manifest.lock */,
				68F9CFC422F0EC7900E395C7 /* Sources */,
				68F9CFC522F0EC7900E395C7 /* Frameworks */,
				68F9CFC622F0EC7900E395C7 /* Resources */,
			);
			buildRules = (
			);
			dependencies = (
				68F9CFCA22F0EC7900E395C7 /* PBXTargetDependency */,
			);
			name = mmakosCoolsAppUITests;
			productName = mmakosCoolsAppUITests;
			productReference = 68F9CFC822F0EC7900E395C7 /* mmakosCoolsAppUITests.xctest */;
			productType = "com.apple.product-type.bundle.ui-testing";
		};
/* End PBXNativeTarget section */

/* Begin PBXProject section */
		68F9CFA122F0EC7700E395C7 /* Project object */ = {
			isa = PBXProject;
			attributes = {
				LastSwiftUpdateCheck = 1030;
				LastUpgradeCheck = 1030;
				ORGANIZATIONNAME = "Mmako Sekhosana";
				TargetAttributes = {
					68F9CFA822F0EC7700E395C7 = {
						CreatedOnToolsVersion = 10.3;
					};
					68F9CFBC22F0EC7900E395C7 = {
						CreatedOnToolsVersion = 10.3;
						TestTargetID = 68F9CFA822F0EC7700E395C7;
					};
					68F9CFC722F0EC7900E395C7 = {
						CreatedOnToolsVersion = 10.3;
						TestTargetID = 68F9CFA822F0EC7700E395C7;
					};
				};
			};
			buildConfigurationList = 68F9CFA422F0EC7700E395C7 /* Build configuration list for PBXProject "mmakosCoolsApp" */;
			compatibilityVersion = "Xcode 9.3";
			developmentRegion = en;
			hasScannedForEncodings = 0;
			knownRegions = (
				en,
				Base,
			);
			mainGroup = 68F9CFA022F0EC7700E395C7;
			productRefGroup = 68F9CFAA22F0EC7700E395C7 /* Products */;
			projectDirPath = "";
			projectRoot = "";
			targets = (
				68F9CFA822F0EC7700E395C7 /* mmakosCoolsApp */,
				68F9CFBC22F0EC7900E395C7 /* mmakosCoolsAppTests */,
				68F9CFC722F0EC7900E395C7 /* mmakosCoolsAppUITests */,
			);
		};
/* End PBXProject section */

/* Begin PBXResourcesBuildPhase section */
		68F9CFA722F0EC7700E395C7 /* Resources */ = {
			isa = PBXResourcesBuildPhase;
			buildActionMask = 2147483647;
			files = (
				68F9CFB722F0EC7900E395C7 /* LaunchScreen.storyboard in Resources */,
				68F9CFB422F0EC7900E395C7 /* Assets.xcassets in Resources */,
				68F9CFB222F0EC7700E395C7 /* Main.storyboard in Resources */,
			);
			runOnlyForDeploymentPostprocessing = 0;
		};
		68F9CFBB22F0EC7900E395C7 /* Resources */ = {
			isa = PBXResourcesBuildPhase;
			buildActionMask = 2147483647;
			files = (
			);
			runOnlyForDeploymentPostprocessing = 0;
		};
		68F9CFC622F0EC7900E395C7 /* Resources */ = {
			isa = PBXResourcesBuildPhase;
			buildActionMask = 2147483647;
			files = (
			);
			runOnlyForDeploymentPostprocessing = 0;
		};
/* End PBXResourcesBuildPhase section */

/* Begin PBXShellScriptBuildPhase section */
		0B940AF26A28B4A2B08E140A /* [CP] Check Pods Manifest.lock */ = {
			isa = PBXShellScriptBuildPhase;
			buildActionMask = 2147483647;
			files = (
			);
			inputFileListPaths = (
			);
			inputPaths = (
				"${PODS_PODFILE_DIR_PATH}/Podfile.lock",
				"${PODS_ROOT}/Manifest.lock",
			);
			name = "[CP] Check Pods Manifest.lock";
			outputFileListPaths = (
			);
			outputPaths = (
				"$(DERIVED_FILE_DIR)/Pods-mmakosCoolsApp-checkManifestLockResult.txt",
			);
			runOnlyForDeploymentPostprocessing = 0;
			shellPath = /bin/sh;
			shellScript = "diff \"${PODS_PODFILE_DIR_PATH}/Podfile.lock\" \"${PODS_ROOT}/Manifest.lock\" > /dev/null\nif [ $? != 0 ] ; then\n    # print error to STDERR\n    echo \"error: The sandbox is not in sync with the Podfile.lock. Run 'pod install' or update your CocoaPods installation.\" >&2\n    exit 1\nfi\n# This output is used by Xcode 'outputs' to avoid re-running this script phase.\necho \"SUCCESS\" > \"${SCRIPT_OUTPUT_FILE_0}\"\n";
			showEnvVarsInLog = 0;
		};
		5597ED34CD43A0D458604E96 /* [CP] Embed Pods Frameworks */ = {
			isa = PBXShellScriptBuildPhase;
			buildActionMask = 2147483647;
			files = (
			);
			inputFileListPaths = (
				"${PODS_ROOT}/Target Support Files/Pods-mmakosCoolsApp/Pods-mmakosCoolsApp-frameworks-${CONFIGURATION}-input-files.xcfilelist",
			);
			name = "[CP] Embed Pods Frameworks";
			outputFileListPaths = (
				"${PODS_ROOT}/Target Support Files/Pods-mmakosCoolsApp/Pods-mmakosCoolsApp-frameworks-${CONFIGURATION}-output-files.xcfilelist",
			);
			runOnlyForDeploymentPostprocessing = 0;
			shellPath = /bin/sh;
			shellScript = "\"${PODS_ROOT}/Target Support Files/Pods-mmakosCoolsApp/Pods-mmakosCoolsApp-frameworks.sh\"\n";
			showEnvVarsInLog = 0;
		};
		95B744F1E3AFB11F114DEEF4 /* [CP] Check Pods Manifest.lock */ = {
			isa = PBXShellScriptBuildPhase;
			buildActionMask = 2147483647;
			files = (
			);
			inputFileListPaths = (
			);
			inputPaths = (
				"${PODS_PODFILE_DIR_PATH}/Podfile.lock",
				"${PODS_ROOT}/Manifest.lock",
			);
			name = "[CP] Check Pods Manifest.lock";
			outputFileListPaths = (
			);
			outputPaths = (
				"$(DERIVED_FILE_DIR)/Pods-mmakosCoolsAppTests-checkManifestLockResult.txt",
			);
			runOnlyForDeploymentPostprocessing = 0;
			shellPath = /bin/sh;
			shellScript = "diff \"${PODS_PODFILE_DIR_PATH}/Podfile.lock\" \"${PODS_ROOT}/Manifest.lock\" > /dev/null\nif [ $? != 0 ] ; then\n    # print error to STDERR\n    echo \"error: The sandbox is not in sync with the Podfile.lock. Run 'pod install' or update your CocoaPods installation.\" >&2\n    exit 1\nfi\n# This output is used by Xcode 'outputs' to avoid re-running this script phase.\necho \"SUCCESS\" > \"${SCRIPT_OUTPUT_FILE_0}\"\n";
			showEnvVarsInLog = 0;
		};
		B33C90895B4A25D3BDD0C3B6 /* [CP] Check Pods Manifest.lock */ = {
			isa = PBXShellScriptBuildPhase;
			buildActionMask = 2147483647;
			files = (
			);
			inputFileListPaths = (
			);
			inputPaths = (
				"${PODS_PODFILE_DIR_PATH}/Podfile.lock",
				"${PODS_ROOT}/Manifest.lock",
			);
			name = "[CP] Check Pods Manifest.lock";
			outputFileListPaths = (
			);
			outputPaths = (
				"$(DERIVED_FILE_DIR)/Pods-mmakosCoolsAppUITests-checkManifestLockResult.txt",
			);
			runOnlyForDeploymentPostprocessing = 0;
			shellPath = /bin/sh;
			shellScript = "diff \"${PODS_PODFILE_DIR_PATH}/Podfile.lock\" \"${PODS_ROOT}/Manifest.lock\" > /dev/null\nif [ $? != 0 ] ; then\n    # print error to STDERR\n    echo \"error: The sandbox is not in sync with the Podfile.lock. Run 'pod install' or update your CocoaPods installation.\" >&2\n    exit 1\nfi\n# This output is used by Xcode 'outputs' to avoid re-running this script phase.\necho \"SUCCESS\" > \"${SCRIPT_OUTPUT_FILE_0}\"\n";
			showEnvVarsInLog = 0;
		};
/* End PBXShellScriptBuildPhase section */

/* Begin PBXSourcesBuildPhase section */
		68F9CFA522F0EC7700E395C7 /* Sources */ = {
			isa = PBXSourcesBuildPhase;
			buildActionMask = 2147483647;
			files = (
				68414EAA22F7938E00267559 /* JSONDecodable.swift in Sources */,
				68414EA822F7930B00267559 /* WeatherDataModel.swift in Sources */,
				68414EA122F7895700267559 /* Configuration.swift in Sources */,
				68414EA322F78A3E00267559 /* DataManager.swift in Sources */,
				68B777C322FB61800079DBCA /* AddCitiesViewController.swift in Sources */,
				68F9CFDD22F0F28100E395C7 /* FutureWeatherViewController.swift in Sources */,
				68F9CFDB22F0ED8A00E395C7 /* MasterViewController.swift in Sources */,
				68B777C122FB27940079DBCA /* ManageCitiesViewController.swift in Sources */,
				68F9CFAD22F0EC7700E395C7 /* AppDelegate.swift in Sources */,
			);
			runOnlyForDeploymentPostprocessing = 0;
		};
		68F9CFB922F0EC7900E395C7 /* Sources */ = {
			isa = PBXSourcesBuildPhase;
			buildActionMask = 2147483647;
			files = (
				68F9CFC222F0EC7900E395C7 /* mmakosCoolsAppTests.swift in Sources */,
			);
			runOnlyForDeploymentPostprocessing = 0;
		};
		68F9CFC422F0EC7900E395C7 /* Sources */ = {
			isa = PBXSourcesBuildPhase;
			buildActionMask = 2147483647;
			files = (
				68F9CFCD22F0EC7900E395C7 /* mmakosCoolsAppUITests.swift in Sources */,
			);
			runOnlyForDeploymentPostprocessing = 0;
		};
/* End PBXSourcesBuildPhase section */

/* Begin PBXTargetDependency section */
		68F9CFBF22F0EC7900E395C7 /* PBXTargetDependency */ = {
			isa = PBXTargetDependency;
			target = 68F9CFA822F0EC7700E395C7 /* mmakosCoolsApp */;
			targetProxy = 68F9CFBE22F0EC7900E395C7 /* PBXContainerItemProxy */;
		};
		68F9CFCA22F0EC7900E395C7 /* PBXTargetDependency */ = {
			isa = PBXTargetDependency;
			target = 68F9CFA822F0EC7700E395C7 /* mmakosCoolsApp */;
			targetProxy = 68F9CFC922F0EC7900E395C7 /* PBXContainerItemProxy */;
		};
/* End PBXTargetDependency section */

/* Begin PBXVariantGroup section */
		68F9CFB022F0EC7700E395C7 /* Main.storyboard */ = {
			isa = PBXVariantGroup;
			children = (
				68F9CFB122F0EC7700E395C7 /* Base */,
			);
			name = Main.storyboard;
			sourceTree = "<group>";
		};
		68F9CFB522F0EC7900E395C7 /* LaunchScreen.storyboard */ = {
			isa = PBXVariantGroup;
			children = (
				68F9CFB622F0EC7900E395C7 /* Base */,
			);
			name = LaunchScreen.storyboard;
			sourceTree = "<group>";
		};
/* End PBXVariantGroup section */

/* Begin XCBuildConfiguration section */
		68F9CFCF22F0EC7900E395C7 /* Debug */ = {
			isa = XCBuildConfiguration;
			buildSettings = {
				ALWAYS_SEARCH_USER_PATHS = NO;
				CLANG_ANALYZER_NONNULL = YES;
				CLANG_ANALYZER_NUMBER_OBJECT_CONVERSION = YES_AGGRESSIVE;
				CLANG_CXX_LANGUAGE_STANDARD = "gnu++14";
				CLANG_CXX_LIBRARY = "libc++";
				CLANG_ENABLE_MODULES = YES;
				CLANG_ENABLE_OBJC_ARC = YES;
				CLANG_ENABLE_OBJC_WEAK = YES;
				CLANG_WARN_BLOCK_CAPTURE_AUTORELEASING = YES;
				CLANG_WARN_BOOL_CONVERSION = YES;
				CLANG_WARN_COMMA = YES;
				CLANG_WARN_CONSTANT_CONVERSION = YES;
				CLANG_WARN_DEPRECATED_OBJC_IMPLEMENTATIONS = YES;
				CLANG_WARN_DIRECT_OBJC_ISA_USAGE = YES_ERROR;
				CLANG_WARN_DOCUMENTATION_COMMENTS = YES;
				CLANG_WARN_EMPTY_BODY = YES;
				CLANG_WARN_ENUM_CONVERSION = YES;
				CLANG_WARN_INFINITE_RECURSION = YES;
				CLANG_WARN_INT_CONVERSION = YES;
				CLANG_WARN_NON_LITERAL_NULL_CONVERSION = YES;
				CLANG_WARN_OBJC_IMPLICIT_RETAIN_SELF = YES;
				CLANG_WARN_OBJC_LITERAL_CONVERSION = YES;
				CLANG_WARN_OBJC_ROOT_CLASS = YES_ERROR;
				CLANG_WARN_RANGE_LOOP_ANALYSIS = YES;
				CLANG_WARN_STRICT_PROTOTYPES = YES;
				CLANG_WARN_SUSPICIOUS_MOVE = YES;
				CLANG_WARN_UNGUARDED_AVAILABILITY = YES_AGGRESSIVE;
				CLANG_WARN_UNREACHABLE_CODE = YES;
				CLANG_WARN__DUPLICATE_METHOD_MATCH = YES;
				CODE_SIGN_IDENTITY = "iPhone Developer";
				COPY_PHASE_STRIP = NO;
				DEBUG_INFORMATION_FORMAT = dwarf;
				ENABLE_STRICT_OBJC_MSGSEND = YES;
				ENABLE_TESTABILITY = YES;
				GCC_C_LANGUAGE_STANDARD = gnu11;
				GCC_DYNAMIC_NO_PIC = NO;
				GCC_NO_COMMON_BLOCKS = YES;
				GCC_OPTIMIZATION_LEVEL = 0;
				GCC_PREPROCESSOR_DEFINITIONS = (
					"DEBUG=1",
					"$(inherited)",
				);
				GCC_WARN_64_TO_32_BIT_CONVERSION = YES;
				GCC_WARN_ABOUT_RETURN_TYPE = YES_ERROR;
				GCC_WARN_UNDECLARED_SELECTOR = YES;
				GCC_WARN_UNINITIALIZED_AUTOS = YES_AGGRESSIVE;
				GCC_WARN_UNUSED_FUNCTION = YES;
				GCC_WARN_UNUSED_VARIABLE = YES;
				IPHONEOS_DEPLOYMENT_TARGET = 12.4;
				MTL_ENABLE_DEBUG_INFO = INCLUDE_SOURCE;
				MTL_FAST_MATH = YES;
				ONLY_ACTIVE_ARCH = YES;
				SDKROOT = iphoneos;
				SWIFT_ACTIVE_COMPILATION_CONDITIONS = DEBUG;
				SWIFT_OPTIMIZATION_LEVEL = "-Onone";
			};
			name = Debug;
		};
		68F9CFD022F0EC7900E395C7 /* Release */ = {
			isa = XCBuildConfiguration;
			buildSettings = {
				ALWAYS_SEARCH_USER_PATHS = NO;
				CLANG_ANALYZER_NONNULL = YES;
				CLANG_ANALYZER_NUMBER_OBJECT_CONVERSION = YES_AGGRESSIVE;
				CLANG_CXX_LANGUAGE_STANDARD = "gnu++14";
				CLANG_CXX_LIBRARY = "libc++";
				CLANG_ENABLE_MODULES = YES;
				CLANG_ENABLE_OBJC_ARC = YES;
				CLANG_ENABLE_OBJC_WEAK = YES;
				CLANG_WARN_BLOCK_CAPTURE_AUTORELEASING = YES;
				CLANG_WARN_BOOL_CONVERSION = YES;
				CLANG_WARN_COMMA = YES;
				CLANG_WARN_CONSTANT_CONVERSION = YES;
				CLANG_WARN_DEPRECATED_OBJC_IMPLEMENTATIONS = YES;
				CLANG_WARN_DIRECT_OBJC_ISA_USAGE = YES_ERROR;
				CLANG_WARN_DOCUMENTATION_COMMENTS = YES;
				CLANG_WARN_EMPTY_BODY = YES;
				CLANG_WARN_ENUM_CONVERSION = YES;
				CLANG_WARN_INFINITE_RECURSION = YES;
				CLANG_WARN_INT_CONVERSION = YES;
				CLANG_WARN_NON_LITERAL_NULL_CONVERSION = YES;
				CLANG_WARN_OBJC_IMPLICIT_RETAIN_SELF = YES;
				CLANG_WARN_OBJC_LITERAL_CONVERSION = YES;
				CLANG_WARN_OBJC_ROOT_CLASS = YES_ERROR;
				CLANG_WARN_RANGE_LOOP_ANALYSIS = YES;
				CLANG_WARN_STRICT_PROTOTYPES = YES;
				CLANG_WARN_SUSPICIOUS_MOVE = YES;
				CLANG_WARN_UNGUARDED_AVAILABILITY = YES_AGGRESSIVE;
				CLANG_WARN_UNREACHABLE_CODE = YES;
				CLANG_WARN__DUPLICATE_METHOD_MATCH = YES;
				CODE_SIGN_IDENTITY = "iPhone Developer";
				COPY_PHASE_STRIP = NO;
				DEBUG_INFORMATION_FORMAT = "dwarf-with-dsym";
				ENABLE_NS_ASSERTIONS = NO;
				ENABLE_STRICT_OBJC_MSGSEND = YES;
				GCC_C_LANGUAGE_STANDARD = gnu11;
				GCC_NO_COMMON_BLOCKS = YES;
				GCC_WARN_64_TO_32_BIT_CONVERSION = YES;
				GCC_WARN_ABOUT_RETURN_TYPE = YES_ERROR;
				GCC_WARN_UNDECLARED_SELECTOR = YES;
				GCC_WARN_UNINITIALIZED_AUTOS = YES_AGGRESSIVE;
				GCC_WARN_UNUSED_FUNCTION = YES;
				GCC_WARN_UNUSED_VARIABLE = YES;
				IPHONEOS_DEPLOYMENT_TARGET = 12.4;
				MTL_ENABLE_DEBUG_INFO = NO;
				MTL_FAST_MATH = YES;
				SDKROOT = iphoneos;
				SWIFT_COMPILATION_MODE = wholemodule;
				SWIFT_OPTIMIZATION_LEVEL = "-O";
				VALIDATE_PRODUCT = YES;
			};
			name = Release;
		};
		68F9CFD222F0EC7900E395C7 /* Debug */ = {
			isa = XCBuildConfiguration;
			baseConfigurationReference = 9C174A1FBB4FD2B6DC22AA7B /* Pods-mmakosCoolsApp.debug.xcconfig */;
			buildSettings = {
				ASSETCATALOG_COMPILER_APPICON_NAME = AppIcon;
				CODE_SIGN_STYLE = Automatic;
				DEVELOPMENT_TEAM = P7U8FQ9B7P;
				INFOPLIST_FILE = mmakosCoolsApp/Info.plist;
				IPHONEOS_DEPLOYMENT_TARGET = 11.4;
				LD_RUNPATH_SEARCH_PATHS = (
					"$(inherited)",
					"@executable_path/Frameworks",
				);
				PRODUCT_BUNDLE_IDENTIFIER = com.mmako.sekhosana.mmakosCoolsApp;
				PRODUCT_NAME = "$(TARGET_NAME)";
				SWIFT_VERSION = 5.0;
				TARGETED_DEVICE_FAMILY = "1,2";
			};
			name = Debug;
		};
		68F9CFD322F0EC7900E395C7 /* Release */ = {
			isa = XCBuildConfiguration;
			baseConfigurationReference = C657E7510CB3FE160ACE5EE2 /* Pods-mmakosCoolsApp.release.xcconfig */;
			buildSettings = {
				ASSETCATALOG_COMPILER_APPICON_NAME = AppIcon;
				CODE_SIGN_STYLE = Automatic;
				DEVELOPMENT_TEAM = P7U8FQ9B7P;
				INFOPLIST_FILE = mmakosCoolsApp/Info.plist;
				IPHONEOS_DEPLOYMENT_TARGET = 11.4;
				LD_RUNPATH_SEARCH_PATHS = (
					"$(inherited)",
					"@executable_path/Frameworks",
				);
				PRODUCT_BUNDLE_IDENTIFIER = com.mmako.sekhosana.mmakosCoolsApp;
				PRODUCT_NAME = "$(TARGET_NAME)";
				SWIFT_VERSION = 5.0;
				TARGETED_DEVICE_FAMILY = "1,2";
			};
			name = Release;
		};
		68F9CFD522F0EC7900E395C7 /* Debug */ = {
			isa = XCBuildConfiguration;
			baseConfigurationReference = 19CBBCC42BBB662182C5744D /* Pods-mmakosCoolsAppTests.debug.xcconfig */;
			buildSettings = {
				ALWAYS_EMBED_SWIFT_STANDARD_LIBRARIES = YES;
				BUNDLE_LOADER = "$(TEST_HOST)";
				CODE_SIGN_STYLE = Automatic;
				DEVELOPMENT_TEAM = P7U8FQ9B7P;
				INFOPLIST_FILE = mmakosCoolsAppTests/Info.plist;
				LD_RUNPATH_SEARCH_PATHS = (
					"$(inherited)",
					"@executable_path/Frameworks",
					"@loader_path/Frameworks",
				);
				PRODUCT_BUNDLE_IDENTIFIER = com.mmako.sekhosana.mmakosCoolsAppTests;
				PRODUCT_NAME = "$(TARGET_NAME)";
				SWIFT_VERSION = 5.0;
				TARGETED_DEVICE_FAMILY = "1,2";
				TEST_HOST = "$(BUILT_PRODUCTS_DIR)/mmakosCoolsApp.app/mmakosCoolsApp";
			};
			name = Debug;
		};
		68F9CFD622F0EC7900E395C7 /* Release */ = {
			isa = XCBuildConfiguration;
			baseConfigurationReference = 7B8376A9A36F637EDF6753F2 /* Pods-mmakosCoolsAppTests.release.xcconfig */;
			buildSettings = {
				ALWAYS_EMBED_SWIFT_STANDARD_LIBRARIES = YES;
				BUNDLE_LOADER = "$(TEST_HOST)";
				CODE_SIGN_STYLE = Automatic;
				DEVELOPMENT_TEAM = P7U8FQ9B7P;
				INFOPLIST_FILE = mmakosCoolsAppTests/Info.plist;
				LD_RUNPATH_SEARCH_PATHS = (
					"$(inherited)",
					"@executable_path/Frameworks",
					"@loader_path/Frameworks",
				);
				PRODUCT_BUNDLE_IDENTIFIER = com.mmako.sekhosana.mmakosCoolsAppTests;
				PRODUCT_NAME = "$(TARGET_NAME)";
				SWIFT_VERSION = 5.0;
				TARGETED_DEVICE_FAMILY = "1,2";
				TEST_HOST = "$(BUILT_PRODUCTS_DIR)/mmakosCoolsApp.app/mmakosCoolsApp";
			};
			name = Release;
		};
		68F9CFD822F0EC7900E395C7 /* Debug */ = {
			isa = XCBuildConfiguration;
			baseConfigurationReference = 19BD4592DB42977B85389FBF /* Pods-mmakosCoolsAppUITests.debug.xcconfig */;
			buildSettings = {
				ALWAYS_EMBED_SWIFT_STANDARD_LIBRARIES = YES;
				CODE_SIGN_STYLE = Automatic;
				DEVELOPMENT_TEAM = P7U8FQ9B7P;
				INFOPLIST_FILE = mmakosCoolsAppUITests/Info.plist;
				LD_RUNPATH_SEARCH_PATHS = (
					"$(inherited)",
					"@executable_path/Frameworks",
					"@loader_path/Frameworks",
				);
				PRODUCT_BUNDLE_IDENTIFIER = com.mmako.sekhosana.mmakosCoolsAppUITests;
				PRODUCT_NAME = "$(TARGET_NAME)";
				SWIFT_VERSION = 5.0;
				TARGETED_DEVICE_FAMILY = "1,2";
				TEST_TARGET_NAME = mmakosCoolsApp;
			};
			name = Debug;
		};
		68F9CFD922F0EC7900E395C7 /* Release */ = {
			isa = XCBuildConfiguration;
			baseConfigurationReference = 91996D5288A13990998B7794 /* Pods-mmakosCoolsAppUITests.release.xcconfig */;
			buildSettings = {
				ALWAYS_EMBED_SWIFT_STANDARD_LIBRARIES = YES;
				CODE_SIGN_STYLE = Automatic;
				DEVELOPMENT_TEAM = P7U8FQ9B7P;
				INFOPLIST_FILE = mmakosCoolsAppUITests/Info.plist;
				LD_RUNPATH_SEARCH_PATHS = (
					"$(inherited)",
					"@executable_path/Frameworks",
					"@loader_path/Frameworks",
				);
				PRODUCT_BUNDLE_IDENTIFIER = com.mmako.sekhosana.mmakosCoolsAppUITests;
				PRODUCT_NAME = "$(TARGET_NAME)";
				SWIFT_VERSION = 5.0;
				TARGETED_DEVICE_FAMILY = "1,2";
				TEST_TARGET_NAME = mmakosCoolsApp;
			};
			name = Release;
		};
/* End XCBuildConfiguration section */

/* Begin XCConfigurationList section */
		68F9CFA422F0EC7700E395C7 /* Build configuration list for PBXProject "mmakosCoolsApp" */ = {
			isa = XCConfigurationList;
			buildConfigurations = (
				68F9CFCF22F0EC7900E395C7 /* Debug */,
				68F9CFD022F0EC7900E395C7 /* Release */,
			);
			defaultConfigurationIsVisible = 0;
			defaultConfigurationName = Release;
		};
		68F9CFD122F0EC7900E395C7 /* Build configuration list for PBXNativeTarget "mmakosCoolsApp" */ = {
			isa = XCConfigurationList;
			buildConfigurations = (
				68F9CFD222F0EC7900E395C7 /* Debug */,
				68F9CFD322F0EC7900E395C7 /* Release */,
			);
			defaultConfigurationIsVisible = 0;
			defaultConfigurationName = Release;
		};
		68F9CFD422F0EC7900E395C7 /* Build configuration list for PBXNativeTarget "mmakosCoolsAppTests" */ = {
			isa = XCConfigurationList;
			buildConfigurations = (
				68F9CFD522F0EC7900E395C7 /* Debug */,
				68F9CFD622F0EC7900E395C7 /* Release */,
			);
			defaultConfigurationIsVisible = 0;
			defaultConfigurationName = Release;
		};
		68F9CFD722F0EC7900E395C7 /* Build configuration list for PBXNativeTarget "mmakosCoolsAppUITests" */ = {
			isa = XCConfigurationList;
			buildConfigurations = (
				68F9CFD822F0EC7900E395C7 /* Debug */,
				68F9CFD922F0EC7900E395C7 /* Release */,
			);
			defaultConfigurationIsVisible = 0;
			defaultConfigurationName = Release;
		};
/* End XCConfigurationList section */
	};
	rootObject = 68F9CFA122F0EC7700E395C7 /* Project object */;
}
